
Microsoft Visual Studio Solution File, Format Version 12.00
# Visual Studio 15
VisualStudioVersion = 15.0.28307.779
MinimumVisualStudioVersion = 10.0.40219.1
Project("{FAE04EC0-301F-11D3-BF4B-00C04F79EFBC}") = "ApplicationLayer", "AspMultitier\ApplicationLayer.csproj", "{AF137191-92BA-4A5D-9375-8C40E30F0F13}"
EndProject
Project("{FAE04EC0-301F-11D3-BF4B-00C04F79EFBC}") = "DataAccessLayer", "DataAccessLayer\DataAccessLayer.csproj", "{672D972B-FF6D-4E5F-8011-3A6C54B3B163}"
EndProject
Project("{FAE04EC0-301F-11D3-BF4B-00C04F79EFBC}") = "BusinessLayer", "BusinessLayer\BusinessLayer.csproj", "{83BC2F7A-F2C5-4243-B4B1-B4E11655ED70}"
EndProject
Project("{FAE04EC0-301F-11D3-BF4B-00C04F79EFBC}") = "ModelLayer", "ModelLayer\ModelLayer.csproj", "{A6C2826D-A3A0-4A47-8191-6FD1893318E4}"
EndProject
Global
	GlobalSection(SolutionConfigurationPlatforms) = preSolution
		Debug|Any CPU = Debug|Any CPU
		Release|Any CPU = Release|Any CPU
	EndGlobalSection
	GlobalSection(ProjectConfigurationPlatforms) = postSolution
		{AF137191-92BA-4A5D-9375-8C40E30F0F13}.Debug|Any CPU.ActiveCfg = Debug|Any CPU
		{AF137191-92BA-4A5D-9375-8C40E30F0F13}.Debug|Any CPU.Build.0 = Debug|Any CPU
		{AF137191-92BA-4A5D-9375-8C40E30F0F13}.Release|Any CPU.ActiveCfg = Release|Any CPU
		{AF137191-92BA-4A5D-9375-8C40E30F0F13}.Release|Any CPU.Build.0 = Release|Any CPU
		{672D972B-FF6D-4E5F-8011-3A6C54B3B163}.Debug|Any CPU.ActiveCfg = Debug|Any CPU
		{672D972B-FF6D-4E5F-8011-3A6C54B3B163}.Debug|Any CPU.Build.0 = Debug|Any CPU
		{672D972B-FF6D-4E5F-8011-3A6C54B3B163}.Release|Any CPU.ActiveCfg = Release|Any CPU
		{672D972B-FF6D-4E5F-8011-3A6C54B3B163}.Release|Any CPU.Build.0 = Release|Any CPU
		{83BC2F7A-F2C5-4243-B4B1-B4E11655ED70}.Debug|Any CPU.ActiveCfg = Debug|Any CPU
		{83BC2F7A-F2C5-4243-B4B1-B4E11655ED70}.Debug|Any CPU.Build.0 = Debug|Any CPU
		{83BC2F7A-F2C5-4243-B4B1-B4E11655ED70}.Release|Any CPU.ActiveCfg = Release|Any CPU
		{83BC2F7A-F2C5-4243-B4B1-B4E11655ED70}.Release|Any CPU.Build.0 = Release|Any CPU
		{A6C2826D-A3A0-4A47-8191-6FD1893318E4}.Debug|Any CPU.ActiveCfg = Debug|Any CPU
		{A6C2826D-A3A0-4A47-8191-6FD1893318E4}.Debug|Any CPU.Build.0 = Debug|Any CPU
		{A6C2826D-A3A0-4A47-8191-6FD1893318E4}.Release|Any CPU.ActiveCfg = Release|Any CPU
		{A6C2826D-A3A0-4A47-8191-6FD1893318E4}.Release|Any CPU.Build.0 = Release|Any CPU
	EndGlobalSection
	GlobalSection(SolutionProperties) = preSolution
		HideSolutionNode = FALSE
	EndGlobalSection
	GlobalSection(ExtensibilityGlobals) = postSolution
		SolutionGuid = {49C75D30-F2DA-47CF-B54A-43F628FFCBE2}
	EndGlobalSection
EndGlobal
